# This file is automatically @generated by Poetry 2.1.2 and should not be changed by hand.

[[package]]
name = "lib-idoc"
version = "0.1.1"
description = ""
optional = false
python-versions = ">=3.10"
groups = ["main"]
files = [
    {file = "lib_idoc-0.1.1-py3-none-any.whl", hash = "sha256:8c06379494fe53d49fc6d31eb6e143ff436aa8702200c1e2260851429a9771a5"},
    {file = "lib_idoc-0.1.1.tar.gz", hash = "sha256:4e65cfde6489b13da6751a26e7035fcc9c3f6daa90ff6414e33bd76c60b48464"},
]

[package.dependencies]
lib-utilys = ">=0.1.3,<0.2.0"

[[package]]
name = "lib-invoice"
version = "0.1.1"
description = ""
optional = false
python-versions = ">=3.10"
groups = ["main"]
files = [
    {file = "lib_invoice-0.1.1-py3-none-any.whl", hash = "sha256:8d5a250993ec70cfb4682dbcdc238b86a6b3fb550cc5a832e3839267ec94f547"},
    {file = "lib_invoice-0.1.1.tar.gz", hash = "sha256:1f00a7a73d26f75e81f65a33e4fb572fd1dd6560a5eed6e4b5dfbed58f1365e3"},
]

[package.dependencies]
lib-utilys = ">=0.1.3,<0.2.0"

[[package]]
name = "lib-utilys"
version = "0.1.3"
description = ""
optional = false
python-versions = ">=3.10"
groups = ["main"]
files = [
    {file = "lib_utilys-0.1.3-py3-none-any.whl", hash = "sha256:80e2d5c3893e80c35aa0922cacb30def9f1adaeb113e5aaad925e25532af83a7"},
    {file = "lib_utilys-0.1.3.tar.gz", hash = "sha256:be175943eea032c44398556a57bfbda5916ec3188b45ba4c1f48ac7a46501b85"},
]

[metadata]
lock-version = "2.1"
python-versions = ">=3.10"
content-hash = "778e1c7f405da236c5e85bbb5ee4d51018c497d45c78bdc7a02107beb156cc02"
